
Microsoft Visual Studio Solution File, Format Version 12.00
# Visual Studio Version 16
VisualStudioVersion = 16.0.29123.88
MinimumVisualStudioVersion = 10.0.40219.1
Project("{FAE04EC0-301F-11D3-BF4B-00C04F79EFBC}") = "DI_Tema4_Ejer3", "DI_Tema4_Ejer3\DI_Tema4_Ejer3.csproj", "{F6F65A3A-B608-4FB4-9FAB-66FFBC9E5397}"
EndProject
Global
	GlobalSection(SolutionConfigurationPlatforms) = preSolution
		Debug|Any CPU = Debug|Any CPU
		Release|Any CPU = Release|Any CPU
	EndGlobalSection
	GlobalSection(ProjectConfigurationPlatforms) = postSolution
		{F6F65A3A-B608-4FB4-9FAB-66FFBC9E5397}.Debug|Any CPU.ActiveCfg = Debug|Any CPU
		{F6F65A3A-B608-4FB4-9FAB-66FFBC9E5397}.Debug|Any CPU.Build.0 = Debug|Any CPU
		{F6F65A3A-B608-4FB4-9FAB-66FFBC9E5397}.Release|Any CPU.ActiveCfg = Release|Any CPU
		{F6F65A3A-B608-4FB4-9FAB-66FFBC9E5397}.Release|Any CPU.Build.0 = Release|Any CPU
	EndGlobalSection
	GlobalSection(SolutionProperties) = preSolution
		HideSolutionNode = FALSE
	EndGlobalSection
	GlobalSection(ExtensibilityGlobals) = postSolution
		SolutionGuid = {4EDD579F-7430-49D5-AFE9-3F6CE276E549}
	EndGlobalSection
EndGlobal
